
Microsoft Visual Studio Solution File, Format Version 12.00
# Visual Studio Version 17
VisualStudioVersion = 17.9.34622.214
MinimumVisualStudioVersion = 10.0.40219.1
Project("{2150E333-8FDC-42A3-9474-1A3956D46DE8}") = "src", "src", "{E9F3DD65-454A-4E02-923E-E192C350036E}"
EndProject
Project("{2150E333-8FDC-42A3-9474-1A3956D46DE8}") = "api", "api", "{F9F79A04-C5D7-4411-B15F-F7EF8677FD25}"
EndProject
Project("{9A19103F-16F7-4668-BE54-9A1E7A4F7556}") = "BlazorERP.Api", "src\api\BlazorERP.Api\BlazorERP.Api.csproj", "{74141AE5-3741-48C4-86DE-0156F8718533}"
EndProject
Project("{9A19103F-16F7-4668-BE54-9A1E7A4F7556}") = "BlazorERP.Application", "src\api\BlazorERP.Application\BlazorERP.Application.csproj", "{40A68601-4B2A-4CEF-8419-FA8CE349E15E}"
EndProject
Project("{9A19103F-16F7-4668-BE54-9A1E7A4F7556}") = "BlazorERP.Contracts", "src\api\BlazorERP.Contracts\BlazorERP.Contracts.csproj", "{F158926D-8EBB-4772-9134-3B1A3C96F086}"
EndProject
Project("{2150E333-8FDC-42A3-9474-1A3956D46DE8}") = "client", "client", "{0DB85E35-4BCB-406C-A9D9-33518BFA31B9}"
EndProject
Project("{9A19103F-16F7-4668-BE54-9A1E7A4F7556}") = "BlazorERP", "src\client\BlazorERP\BlazorERP.csproj", "{E91B3DA9-BAAD-4AEE-B507-616A8DBDA325}"
EndProject
Project("{9A19103F-16F7-4668-BE54-9A1E7A4F7556}") = "BlazorERP.Components", "src\client\BlazorERP.Components\BlazorERP.Components.csproj", "{FA84BD1E-D038-4114-A59A-1CC4E9C37D98}"
EndProject
Project("{9A19103F-16F7-4668-BE54-9A1E7A4F7556}") = "BlazorERP.Core", "src\client\BlazorERP.Core\BlazorERP.Core.csproj", "{CFF438F8-EA15-49A1-BB7E-0C04D3C3D331}"
EndProject
Project("{FAE04EC0-301F-11D3-BF4B-00C04F79EFBC}") = "BlazorERP.Shared", "BlazorERP.Shared\BlazorERP.Shared.csproj", "{81B32081-5CD0-4888-BFA2-BE2E5F6D6FC6}"
EndProject
Global
	GlobalSection(SolutionConfigurationPlatforms) = preSolution
		Debug|Any CPU = Debug|Any CPU
		Release|Any CPU = Release|Any CPU
	EndGlobalSection
	GlobalSection(ProjectConfigurationPlatforms) = postSolution
		{74141AE5-3741-48C4-86DE-0156F8718533}.Debug|Any CPU.ActiveCfg = Debug|Any CPU
		{74141AE5-3741-48C4-86DE-0156F8718533}.Debug|Any CPU.Build.0 = Debug|Any CPU
		{74141AE5-3741-48C4-86DE-0156F8718533}.Release|Any CPU.ActiveCfg = Release|Any CPU
		{74141AE5-3741-48C4-86DE-0156F8718533}.Release|Any CPU.Build.0 = Release|Any CPU
		{40A68601-4B2A-4CEF-8419-FA8CE349E15E}.Debug|Any CPU.ActiveCfg = Debug|Any CPU
		{40A68601-4B2A-4CEF-8419-FA8CE349E15E}.Debug|Any CPU.Build.0 = Debug|Any CPU
		{40A68601-4B2A-4CEF-8419-FA8CE349E15E}.Release|Any CPU.ActiveCfg = Release|Any CPU
		{40A68601-4B2A-4CEF-8419-FA8CE349E15E}.Release|Any CPU.Build.0 = Release|Any CPU
		{F158926D-8EBB-4772-9134-3B1A3C96F086}.Debug|Any CPU.ActiveCfg = Debug|Any CPU
		{F158926D-8EBB-4772-9134-3B1A3C96F086}.Debug|Any CPU.Build.0 = Debug|Any CPU
		{F158926D-8EBB-4772-9134-3B1A3C96F086}.Release|Any CPU.ActiveCfg = Release|Any CPU
		{F158926D-8EBB-4772-9134-3B1A3C96F086}.Release|Any CPU.Build.0 = Release|Any CPU
		{E91B3DA9-BAAD-4AEE-B507-616A8DBDA325}.Debug|Any CPU.ActiveCfg = Debug|Any CPU
		{E91B3DA9-BAAD-4AEE-B507-616A8DBDA325}.Debug|Any CPU.Build.0 = Debug|Any CPU
		{E91B3DA9-BAAD-4AEE-B507-616A8DBDA325}.Release|Any CPU.ActiveCfg = Release|Any CPU
		{E91B3DA9-BAAD-4AEE-B507-616A8DBDA325}.Release|Any CPU.Build.0 = Release|Any CPU
		{FA84BD1E-D038-4114-A59A-1CC4E9C37D98}.Debug|Any CPU.ActiveCfg = Debug|Any CPU
		{FA84BD1E-D038-4114-A59A-1CC4E9C37D98}.Debug|Any CPU.Build.0 = Debug|Any CPU
		{FA84BD1E-D038-4114-A59A-1CC4E9C37D98}.Release|Any CPU.ActiveCfg = Release|Any CPU
		{FA84BD1E-D038-4114-A59A-1CC4E9C37D98}.Release|Any CPU.Build.0 = Release|Any CPU
		{CFF438F8-EA15-49A1-BB7E-0C04D3C3D331}.Debug|Any CPU.ActiveCfg = Debug|Any CPU
		{CFF438F8-EA15-49A1-BB7E-0C04D3C3D331}.Debug|Any CPU.Build.0 = Debug|Any CPU
		{CFF438F8-EA15-49A1-BB7E-0C04D3C3D331}.Release|Any CPU.ActiveCfg = Release|Any CPU
		{CFF438F8-EA15-49A1-BB7E-0C04D3C3D331}.Release|Any CPU.Build.0 = Release|Any CPU
		{81B32081-5CD0-4888-BFA2-BE2E5F6D6FC6}.Debug|Any CPU.ActiveCfg = Debug|Any CPU
		{81B32081-5CD0-4888-BFA2-BE2E5F6D6FC6}.Debug|Any CPU.Build.0 = Debug|Any CPU
		{81B32081-5CD0-4888-BFA2-BE2E5F6D6FC6}.Release|Any CPU.ActiveCfg = Release|Any CPU
		{81B32081-5CD0-4888-BFA2-BE2E5F6D6FC6}.Release|Any CPU.Build.0 = Release|Any CPU
	EndGlobalSection
	GlobalSection(SolutionProperties) = preSolution
		HideSolutionNode = FALSE
	EndGlobalSection
	GlobalSection(NestedProjects) = preSolution
		{F9F79A04-C5D7-4411-B15F-F7EF8677FD25} = {E9F3DD65-454A-4E02-923E-E192C350036E}
		{74141AE5-3741-48C4-86DE-0156F8718533} = {F9F79A04-C5D7-4411-B15F-F7EF8677FD25}
		{40A68601-4B2A-4CEF-8419-FA8CE349E15E} = {F9F79A04-C5D7-4411-B15F-F7EF8677FD25}
		{F158926D-8EBB-4772-9134-3B1A3C96F086} = {F9F79A04-C5D7-4411-B15F-F7EF8677FD25}
		{0DB85E35-4BCB-406C-A9D9-33518BFA31B9} = {E9F3DD65-454A-4E02-923E-E192C350036E}
		{E91B3DA9-BAAD-4AEE-B507-616A8DBDA325} = {0DB85E35-4BCB-406C-A9D9-33518BFA31B9}
		{FA84BD1E-D038-4114-A59A-1CC4E9C37D98} = {0DB85E35-4BCB-406C-A9D9-33518BFA31B9}
		{CFF438F8-EA15-49A1-BB7E-0C04D3C3D331} = {0DB85E35-4BCB-406C-A9D9-33518BFA31B9}
		{81B32081-5CD0-4888-BFA2-BE2E5F6D6FC6} = {E9F3DD65-454A-4E02-923E-E192C350036E}
	EndGlobalSection
	GlobalSection(ExtensibilityGlobals) = postSolution
		SolutionGuid = {AAF0A9E1-9435-4A5A-A6B1-95AEE9B1C656}
	EndGlobalSection
EndGlobal
